
Microsoft Visual Studio Solution File, Format Version 12.00
# Visual Studio Version 17
VisualStudioVersion = 17.0.32014.148
MinimumVisualStudioVersion = 10.0.40219.1
Project("{FAE04EC0-301F-11D3-BF4B-00C04F79EFBC}") = "ControleFinanceiro", "ControleFinanceiro\ControleFinanceiro.csproj", "{60237427-1169-4F03-BEDE-CEB530E6EBC5}"
EndProject
Global
	GlobalSection(SolutionConfigurationPlatforms) = preSolution
		Debug|Any CPU = Debug|Any CPU
		Release|Any CPU = Release|Any CPU
	EndGlobalSection
	GlobalSection(ProjectConfigurationPlatforms) = postSolution
		{60237427-1169-4F03-BEDE-CEB530E6EBC5}.Debug|Any CPU.ActiveCfg = Debug|Any CPU
		{60237427-1169-4F03-BEDE-CEB530E6EBC5}.Debug|Any CPU.Build.0 = Debug|Any CPU
		{60237427-1169-4F03-BEDE-CEB530E6EBC5}.Release|Any CPU.ActiveCfg = Release|Any CPU
		{60237427-1169-4F03-BEDE-CEB530E6EBC5}.Release|Any CPU.Build.0 = Release|Any CPU
	EndGlobalSection
	GlobalSection(SolutionProperties) = preSolution
		HideSolutionNode = FALSE
	EndGlobalSection
	GlobalSection(ExtensibilityGlobals) = postSolution
		SolutionGuid = {7AA5609C-2AD5-4855-BC54-88FC0F1769B6}
	EndGlobalSection
EndGlobal
